
Microsoft Visual Studio Solution File, Format Version 12.00
# Visual Studio Version 16
VisualStudioVersion = 16.0.32630.194
MinimumVisualStudioVersion = 10.0.40219.1
Project("{FAE04EC0-301F-11D3-BF4B-00C04F79EFBC}") = "Render Prj", "Render Prj\Render Prj.csproj", "{4E128424-DC39-4E41-859D-46255C428FA9}"
EndProject
Global
	GlobalSection(SolutionConfigurationPlatforms) = preSolution
		Debug|Any CPU = Debug|Any CPU
		Release|Any CPU = Release|Any CPU
	EndGlobalSection
	GlobalSection(ProjectConfigurationPlatforms) = postSolution
		{4E128424-DC39-4E41-859D-46255C428FA9}.Debug|Any CPU.ActiveCfg = Debug|Any CPU
		{4E128424-DC39-4E41-859D-46255C428FA9}.Debug|Any CPU.Build.0 = Debug|Any CPU
		{4E128424-DC39-4E41-859D-46255C428FA9}.Release|Any CPU.ActiveCfg = Release|Any CPU
		{4E128424-DC39-4E41-859D-46255C428FA9}.Release|Any CPU.Build.0 = Release|Any CPU
	EndGlobalSection
	GlobalSection(SolutionProperties) = preSolution
		HideSolutionNode = FALSE
	EndGlobalSection
	GlobalSection(ExtensibilityGlobals) = postSolution
		SolutionGuid = {27EE5387-A0D4-4722-AD64-DA583A79FC56}
	EndGlobalSection
EndGlobal
